
Microsoft Visual Studio Solution File, Format Version 12.00
# Visual Studio 15
VisualStudioVersion = 15.0.28307.902
MinimumVisualStudioVersion = 10.0.40219.1
Project("{9A19103F-16F7-4668-BE54-9A1E7A4F7556}") = "Rhythm.Caching.Core", "Rhythm.Caching.Core\Rhythm.Caching.Core.csproj", "{C2EACA1C-626F-4AB4-9110-D2306750E35E}"
EndProject
Project("{9A19103F-16F7-4668-BE54-9A1E7A4F7556}") = "Rhythm.Caching.Core.Tests", "Rhythm.Caching.Core.Tests\Rhythm.Caching.Core.Tests.csproj", "{5D6F5D21-F8FE-419E-A3FD-E77770CFA6C7}"
EndProject
Global
	GlobalSection(SolutionConfigurationPlatforms) = preSolution
		Debug|Any CPU = Debug|Any CPU
		Release|Any CPU = Release|Any CPU
	EndGlobalSection
	GlobalSection(ProjectConfigurationPlatforms) = postSolution
		{C2EACA1C-626F-4AB4-9110-D2306750E35E}.Debug|Any CPU.ActiveCfg = Debug|Any CPU
		{C2EACA1C-626F-4AB4-9110-D2306750E35E}.Debug|Any CPU.Build.0 = Debug|Any CPU
		{C2EACA1C-626F-4AB4-9110-D2306750E35E}.Release|Any CPU.ActiveCfg = Release|Any CPU
		{C2EACA1C-626F-4AB4-9110-D2306750E35E}.Release|Any CPU.Build.0 = Release|Any CPU
		{5D6F5D21-F8FE-419E-A3FD-E77770CFA6C7}.Debug|Any CPU.ActiveCfg = Debug|Any CPU
		{5D6F5D21-F8FE-419E-A3FD-E77770CFA6C7}.Debug|Any CPU.Build.0 = Debug|Any CPU
		{5D6F5D21-F8FE-419E-A3FD-E77770CFA6C7}.Release|Any CPU.ActiveCfg = Release|Any CPU
		{5D6F5D21-F8FE-419E-A3FD-E77770CFA6C7}.Release|Any CPU.Build.0 = Release|Any CPU
	EndGlobalSection
	GlobalSection(SolutionProperties) = preSolution
		HideSolutionNode = FALSE
	EndGlobalSection
	GlobalSection(ExtensibilityGlobals) = postSolution
		SolutionGuid = {588DAC32-3B5C-4E38-93C9-274407047F15}
	EndGlobalSection
EndGlobal
